// !$*UTF8*$!
{
	archiveVersion = 1;
	classes = {
	};
	objectVersion = 46;
	objects = {

/* Begin PBXBuildFile section */
		7E0FFF5219F896D0007F322A /* HttpTaskManager.m in Sources */ = {isa = PBXBuildFile; fileRef = 7E0FFF4E19F896D0007F322A /* HttpTaskManager.m */; };
		7E0FFF5319F896D0007F322A /* TaskManager.m in Sources */ = {isa = PBXBuildFile; fileRef = 7E0FFF5119F896D0007F322A /* TaskManager.m */; };
		7E0FFF5719F89BE5007F322A /* RCApi.m in Sources */ = {isa = PBXBuildFile; fileRef = 7E0FFF5619F89BE5007F322A /* RCApi.m */; };
		7E0FFF5B19F8A2DA007F322A /* CacheManager.m in Sources */ = {isa = PBXBuildFile; fileRef = 7E0FFF5A19F8A2DA007F322A /* CacheManager.m */; };
		7E0FFF5E19F8ADB0007F322A /* rc.db in Resources */ = {isa = PBXBuildFile; fileRef = 7E0FFF5D19F8ADB0007F322A /* rc.db */; };
		7E0FFF6219F8CB7E007F322A /* NetworkTool.m in Sources */ = {isa = PBXBuildFile; fileRef = 7E0FFF6119F8CB7E007F322A /* NetworkTool.m */; };
		7E13F84319EF6B6100F347DF /* config.json in Resources */ = {isa = PBXBuildFile; fileRef = 7E13F83619EF6B6100F347DF /* config.json */; };
		7E13F84519EF6B6100F347DF /* p1.jpeg in Resources */ = {isa = PBXBuildFile; fileRef = 7E13F83A19EF6B6100F347DF /* p1.jpeg */; };
		7E13F84619EF6B6100F347DF /* p1.png in Resources */ = {isa = PBXBuildFile; fileRef = 7E13F83B19EF6B6100F347DF /* p1.png */; };
		7E13F84719EF6B6100F347DF /* p2.png in Resources */ = {isa = PBXBuildFile; fileRef = 7E13F83C19EF6B6100F347DF /* p2.png */; };
		7E13F84819EF6B6100F347DF /* p3.png in Resources */ = {isa = PBXBuildFile; fileRef = 7E13F83D19EF6B6100F347DF /* p3.png */; };
		7E13F84919EF6B6100F347DF /* p4.png in Resources */ = {isa = PBXBuildFile; fileRef = 7E13F83E19EF6B6100F347DF /* p4.png */; };
		7E1BBBDE19EE15B100184499 /* FacebookSDK.framework in Frameworks */ = {isa = PBXBuildFile; fileRef = 7E1BBBDD19EE15B100184499 /* FacebookSDK.framework */; };
		7E1BBC7319EE417200184499 /* AFHTTPRequestOperation.m in Sources */ = {isa = PBXBuildFile; fileRef = 7E1BBC2019EE417200184499 /* AFHTTPRequestOperation.m */; };
		7E1BBC7419EE417200184499 /* AFHTTPRequestOperationManager.m in Sources */ = {isa = PBXBuildFile; fileRef = 7E1BBC2219EE417200184499 /* AFHTTPRequestOperationManager.m */; };
		7E1BBC7519EE417200184499 /* AFHTTPSessionManager.m in Sources */ = {isa = PBXBuildFile; fileRef = 7E1BBC2419EE417200184499 /* AFHTTPSessionManager.m */; };
		7E1BBC7619EE417200184499 /* AFNetworkReachabilityManager.m in Sources */ = {isa = PBXBuildFile; fileRef = 7E1BBC2719EE417200184499 /* AFNetworkReachabilityManager.m */; };
		7E1BBC7719EE417200184499 /* AFSecurityPolicy.m in Sources */ = {isa = PBXBuildFile; fileRef = 7E1BBC2919EE417200184499 /* AFSecurityPolicy.m */; };
		7E1BBC7819EE417200184499 /* AFURLConnectionOperation.m in Sources */ = {isa = PBXBuildFile; fileRef = 7E1BBC2B19EE417200184499 /* AFURLConnectionOperation.m */; };
		7E1BBC7919EE417200184499 /* AFURLRequestSerialization.m in Sources */ = {isa = PBXBuildFile; fileRef = 7E1BBC2D19EE417200184499 /* AFURLRequestSerialization.m */; };
		7E1BBC7A19EE417200184499 /* AFURLResponseSerialization.m in Sources */ = {isa = PBXBuildFile; fileRef = 7E1BBC2F19EE417200184499 /* AFURLResponseSerialization.m */; };
		7E1BBC7B19EE417200184499 /* AFURLSessionManager.m in Sources */ = {isa = PBXBuildFile; fileRef = 7E1BBC3119EE417200184499 /* AFURLSessionManager.m */; };
		7E1BBC7C19EE417200184499 /* Reachability.m in Sources */ = {isa = PBXBuildFile; fileRef = 7E1BBC3419EE417200184499 /* Reachability.m */; };
		7E1BBC7D19EE417200184499 /* FMDatabase.m in Sources */ = {isa = PBXBuildFile; fileRef = 7E1BBC3819EE417200184499 /* FMDatabase.m */; };
		7E1BBC7E19EE417200184499 /* FMDatabaseAdditions.m in Sources */ = {isa = PBXBuildFile; fileRef = 7E1BBC3A19EE417200184499 /* FMDatabaseAdditions.m */; };
		7E1BBC7F19EE417200184499 /* FMDatabasePool.m in Sources */ = {isa = PBXBuildFile; fileRef = 7E1BBC3C19EE417200184499 /* FMDatabasePool.m */; };
		7E1BBC8019EE417200184499 /* FMDatabaseQueue.m in Sources */ = {isa = PBXBuildFile; fileRef = 7E1BBC3E19EE417200184499 /* FMDatabaseQueue.m */; };
		7E1BBC8119EE417200184499 /* FMResultSet.m in Sources */ = {isa = PBXBuildFile; fileRef = 7E1BBC4119EE417200184499 /* FMResultSet.m */; };
		7E1BBC8219EE417200184499 /* LoggerClient.m in Sources */ = {isa = PBXBuildFile; fileRef = 7E1BBC4419EE417200184499 /* LoggerClient.m */; };
		7E1BBC8E19EE417200184499 /* testController.m in Sources */ = {isa = PBXBuildFile; fileRef = 7E1BBC5919EE417200184499 /* testController.m */; };
		7E1BBC8F19EE417200184499 /* RCConfig.m in Sources */ = {isa = PBXBuildFile; fileRef = 7E1BBC5E19EE417200184499 /* RCConfig.m */; };
		7E1BBC9019EE417200184499 /* Db.m in Sources */ = {isa = PBXBuildFile; fileRef = 7E1BBC6219EE417200184499 /* Db.m */; };
		7E1BBC9119EE417200184499 /* FileManage.m in Sources */ = {isa = PBXBuildFile; fileRef = 7E1BBC6519EE417200184499 /* FileManage.m */; };
		7E1BBC9219EE417200184499 /* Image.m in Sources */ = {isa = PBXBuildFile; fileRef = 7E1BBC6819EE417200184499 /* Image.m */; };
		7E1BBC9319EE417200184499 /* Json.m in Sources */ = {isa = PBXBuildFile; fileRef = 7E1BBC6B19EE417200184499 /* Json.m */; };
		7E1BBC9419EE417200184499 /* Log.m in Sources */ = {isa = PBXBuildFile; fileRef = 7E1BBC6E19EE417200184499 /* Log.m */; };
		7E1BBC9819EE419500184499 /* GlobalContext.m in Sources */ = {isa = PBXBuildFile; fileRef = 7E1BBC9719EE419500184499 /* GlobalContext.m */; };
		7E629FB719F9EB68007DE6DC /* WContext.m in Sources */ = {isa = PBXBuildFile; fileRef = 7E629FB619F9EB68007DE6DC /* WContext.m */; };
		7E804F541A0215DA00591337 /* CategoriesSettingViewController.m in Sources */ = {isa = PBXBuildFile; fileRef = 7E804F471A0215DA00591337 /* CategoriesSettingViewController.m */; };
		7E804F551A0215DA00591337 /* CustomersSettingViewController.m in Sources */ = {isa = PBXBuildFile; fileRef = 7E804F4A1A0215DA00591337 /* CustomersSettingViewController.m */; };
		7E804F561A0215DA00591337 /* EmployeeSettingViewController.m in Sources */ = {isa = PBXBuildFile; fileRef = 7E804F4D1A0215DA00591337 /* EmployeeSettingViewController.m */; };
		7E804F571A0215DA00591337 /* ProductsSettingViewController.m in Sources */ = {isa = PBXBuildFile; fileRef = 7E804F501A0215DA00591337 /* ProductsSettingViewController.m */; };
		7E804F581A0215DA00591337 /* StoreSettingViewController.m in Sources */ = {isa = PBXBuildFile; fileRef = 7E804F531A0215DA00591337 /* StoreSettingViewController.m */; };
		7E804F5C1A02160A00591337 /* CachierSettingViewController.m in Sources */ = {isa = PBXBuildFile; fileRef = 7E804F5B1A02160A00591337 /* CachierSettingViewController.m */; };
		7E804F5F1A021A5B00591337 /* MainMenuView.m in Sources */ = {isa = PBXBuildFile; fileRef = 7E804F5E1A021A5B00591337 /* MainMenuView.m */; };
		7E804F621A02342300591337 /* SettingMenuView.m in Sources */ = {isa = PBXBuildFile; fileRef = 7E804F611A02342300591337 /* SettingMenuView.m */; };
		7E9356991A03646400B03EAE /* CreateCustomersViewController.m in Sources */ = {isa = PBXBuildFile; fileRef = 7E9356981A03646400B03EAE /* CreateCustomersViewController.m */; };
		7E93569C1A036F1B00B03EAE /* CreateEmployeeViewController.m in Sources */ = {isa = PBXBuildFile; fileRef = 7E93569B1A036F1B00B03EAE /* CreateEmployeeViewController.m */; };
		7E964BB619ED22A3009FC8C9 /* main.m in Sources */ = {isa = PBXBuildFile; fileRef = 7E964BB519ED22A3009FC8C9 /* main.m */; };
		7E964BB919ED22A3009FC8C9 /* AppDelegate.m in Sources */ = {isa = PBXBuildFile; fileRef = 7E964BB819ED22A3009FC8C9 /* AppDelegate.m */; };
		7E964BBC19ED22A3009FC8C9 /* RCApp_IOS.xcdatamodeld in Sources */ = {isa = PBXBuildFile; fileRef = 7E964BBA19ED22A3009FC8C9 /* RCApp_IOS.xcdatamodeld */; };
		7E964BC219ED22A3009FC8C9 /* Main.storyboard in Resources */ = {isa = PBXBuildFile; fileRef = 7E964BC019ED22A3009FC8C9 /* Main.storyboard */; };
		7E964BC419ED22A3009FC8C9 /* Images.xcassets in Resources */ = {isa = PBXBuildFile; fileRef = 7E964BC319ED22A3009FC8C9 /* Images.xcassets */; };
		7E964BC719ED22A3009FC8C9 /* LaunchScreen.xib in Resources */ = {isa = PBXBuildFile; fileRef = 7E964BC519ED22A3009FC8C9 /* LaunchScreen.xib */; };
		7E964BD319ED22A3009FC8C9 /* RCApp_IOSTests.m in Sources */ = {isa = PBXBuildFile; fileRef = 7E964BD219ED22A3009FC8C9 /* RCApp_IOSTests.m */; };
		7E964C6219ED230A009FC8C9 /* CFNetwork.framework in Frameworks */ = {isa = PBXBuildFile; fileRef = 7E964C6119ED230A009FC8C9 /* CFNetwork.framework */; };
		7E964C6419ED2310009FC8C9 /* libsqlite3.0.dylib in Frameworks */ = {isa = PBXBuildFile; fileRef = 7E964C6319ED2310009FC8C9 /* libsqlite3.0.dylib */; };
		7E964C6619ED2323009FC8C9 /* SystemConfiguration.framework in Frameworks */ = {isa = PBXBuildFile; fileRef = 7E964C6519ED2323009FC8C9 /* SystemConfiguration.framework */; };
		7EA8FD291A00FA160081C585 /* RCOrderApi.m in Sources */ = {isa = PBXBuildFile; fileRef = 7EA8FD281A00FA160081C585 /* RCOrderApi.m */; };
		7EB7809519FDDAD600483420 /* CrashReporter.framework in Frameworks */ = {isa = PBXBuildFile; fileRef = 7EB7809419FDDAD600483420 /* CrashReporter.framework */; };
		7EB7809719FDDE9000483420 /* MessageUI.framework in Frameworks */ = {isa = PBXBuildFile; fileRef = 7EB7809619FDDE9000483420 /* MessageUI.framework */; };
		7EB780A019FE1BD700483420 /* PhotoAlbumListViewController.m in Sources */ = {isa = PBXBuildFile; fileRef = 7EB7809F19FE1BD700483420 /* PhotoAlbumListViewController.m */; };
		7EB780A619FF1ADF00483420 /* CameraViewController.m in Sources */ = {isa = PBXBuildFile; fileRef = 7EB780A519FF1ADF00483420 /* CameraViewController.m */; };
		7EB780AB19FF2ADE00483420 /* MediaPlayer.framework in Frameworks */ = {isa = PBXBuildFile; fileRef = 7EB780AA19FF2ADE00483420 /* MediaPlayer.framework */; };
		7EB780AD19FF2CFB00483420 /* AVFoundation.framework in Frameworks */ = {isa = PBXBuildFile; fileRef = 7EB780AC19FF2CFB00483420 /* AVFoundation.framework */; };
		7EB780C319FF36DF00483420 /* landing2.png in Resources */ = {isa = PBXBuildFile; fileRef = 7EB780C019FF36DF00483420 /* landing2.png */; };
		7EB780C419FF36DF00483420 /* RCLogo.png in Resources */ = {isa = PBXBuildFile; fileRef = 7EB780C119FF36DF00483420 /* RCLogo.png */; };
		7EB780C719FF372000483420 /* LandingIndexViewController.m in Sources */ = {isa = PBXBuildFile; fileRef = 7EB780C619FF372000483420 /* LandingIndexViewController.m */; };
		7EB780C919FF38B600483420 /* landing1.png in Resources */ = {isa = PBXBuildFile; fileRef = 7EB780C819FF38B600483420 /* landing1.png */; };
		7EB780CC19FF3EA800483420 /* RegisterViewController.m in Sources */ = {isa = PBXBuildFile; fileRef = 7EB780CB19FF3EA800483420 /* RegisterViewController.m */; };
		7ECA89CA19F74D3C007418BF /* DataService.m in Sources */ = {isa = PBXBuildFile; fileRef = 7ECA89C919F74D3C007418BF /* DataService.m */; };
		7ECA89CE19F77CED007418BF /* ImageLoder.m in Sources */ = {isa = PBXBuildFile; fileRef = 7ECA89CD19F77CED007418BF /* ImageLoder.m */; };
		7EEEEE7019F8DA640033255D /* UiTool.m in Sources */ = {isa = PBXBuildFile; fileRef = 7EEEEE6F19F8DA640033255D /* UiTool.m */; };
		7EEEEEA819F8E29B0033255D /* loading-1.png in Resources */ = {isa = PBXBuildFile; fileRef = 7EEEEE9C19F8E29B0033255D /* loading-1.png */; };
		7EEEEEA919F8E29B0033255D /* loading-2.png in Resources */ = {isa = PBXBuildFile; fileRef = 7EEEEE9D19F8E29B0033255D /* loading-2.png */; };
		7EEEEEAA19F8E29B0033255D /* loading-3.png in Resources */ = {isa = PBXBuildFile; fileRef = 7EEEEE9E19F8E29B0033255D /* loading-3.png */; };
		7EEEEEAB19F8E29B0033255D /* loading-4.png in Resources */ = {isa = PBXBuildFile; fileRef = 7EEEEE9F19F8E29B0033255D /* loading-4.png */; };
		7EEEEEAC19F8E29B0033255D /* loading-5.png in Resources */ = {isa = PBXBuildFile; fileRef = 7EEEEEA019F8E29B0033255D /* loading-5.png */; };
		7EEEEEAD19F8E29B0033255D /* loading-6.png in Resources */ = {isa = PBXBuildFile; fileRef = 7EEEEEA119F8E29B0033255D /* loading-6.png */; };
		7EEEEEAE19F8E29B0033255D /* loading-7.png in Resources */ = {isa = PBXBuildFile; fileRef = 7EEEEEA219F8E29B0033255D /* loading-7.png */; };
		7EEEEEAF19F8E29B0033255D /* loading-8.png in Resources */ = {isa = PBXBuildFile; fileRef = 7EEEEEA319F8E29B0033255D /* loading-8.png */; };
		7EEEEEB019F8E29B0033255D /* loading-9.png in Resources */ = {isa = PBXBuildFile; fileRef = 7EEEEEA419F8E29B0033255D /* loading-9.png */; };
		7EEEEEB119F8E29B0033255D /* loading-10.png in Resources */ = {isa = PBXBuildFile; fileRef = 7EEEEEA519F8E29B0033255D /* loading-10.png */; };
		7EEEEEB219F8E29B0033255D /* loading-11.png in Resources */ = {isa = PBXBuildFile; fileRef = 7EEEEEA619F8E29B0033255D /* loading-11.png */; };
		7EEEEEB319F8E29B0033255D /* loading-12.png in Resources */ = {isa = PBXBuildFile; fileRef = 7EEEEEA719F8E29B0033255D /* loading-12.png */; };
		7EEEEEB619F8F0510033255D /* ApiTask.m in Sources */ = {isa = PBXBuildFile; fileRef = 7EEEEEB519F8F0510033255D /* ApiTask.m */; };
		7EEEEEBE19F907760033255D /* RCLogApi.m in Sources */ = {isa = PBXBuildFile; fileRef = 7EEEEEBD19F907760033255D /* RCLogApi.m */; };
		7EFCAC9D19FF4D2500284FD1 /* AMAdditionViewController.m in Sources */ = {isa = PBXBuildFile; fileRef = 7EFCAC9C19FF4D2500284FD1 /* AMAdditionViewController.m */; };
		7EFCACA019FF4ECB00284FD1 /* ProductsIndexViewController.m in Sources */ = {isa = PBXBuildFile; fileRef = 7EFCAC9F19FF4ECB00284FD1 /* ProductsIndexViewController.m */; };
		7EFCACA319FF4F2C00284FD1 /* AMLoginViewController.m in Sources */ = {isa = PBXBuildFile; fileRef = 7EFCACA219FF4F2C00284FD1 /* AMLoginViewController.m */; };
		7EFCACA619FF8E2800284FD1 /* ProductViewItem.m in Sources */ = {isa = PBXBuildFile; fileRef = 7EFCACA519FF8E2800284FD1 /* ProductViewItem.m */; };
		7EFCACA919FF9AE500284FD1 /* OrderListViewItem.m in Sources */ = {isa = PBXBuildFile; fileRef = 7EFCACA819FF9AE500284FD1 /* OrderListViewItem.m */; };
/* End PBXBuildFile section */

/* Begin PBXContainerItemProxy section */
		7E964BCD19ED22A3009FC8C9 /* PBXContainerItemProxy */ = {
			isa = PBXContainerItemProxy;
			containerPortal = 7E964BA819ED22A3009FC8C9 /* Project object */;
			proxyType = 1;
			remoteGlobalIDString = 7E964BAF19ED22A3009FC8C9;
			remoteInfo = RCApp_IOS;
		};
/* End PBXContainerItemProxy section */

/* Begin PBXFileReference section */
		7E0FFF4C19F896D0007F322A /* HttpTask.h */ = {isa = PBXFileReference; fileEncoding = 4; lastKnownFileType = sourcecode.c.h; path = HttpTask.h; sourceTree = "<group>"; };
		7E0FFF4D19F896D0007F322A /* HttpTaskManager.h */ = {isa = PBXFileReference; fileEncoding = 4; lastKnownFileType = sourcecode.c.h; path = HttpTaskManager.h; sourceTree = "<group>"; };
		7E0FFF4E19F896D0007F322A /* HttpTaskManager.m */ = {isa = PBXFileReference; fileEncoding = 4; lastKnownFileType = sourcecode.c.objc; path = HttpTaskManager.m; sourceTree = "<group>"; };
		7E0FFF4F19F896D0007F322A /* Task.h */ = {isa = PBXFileReference; fileEncoding = 4; lastKnownFileType = sourcecode.c.h; path = Task.h; sourceTree = "<group>"; };
		7E0FFF5019F896D0007F322A /* TaskManager.h */ = {isa = PBXFileReference; fileEncoding = 4; lastKnownFileType = sourcecode.c.h; path = TaskManager.h; sourceTree = "<group>"; };
		7E0FFF5119F896D0007F322A /* TaskManager.m */ = {isa = PBXFileReference; fileEncoding = 4; lastKnownFileType = sourcecode.c.objc; path = TaskManager.m; sourceTree = "<group>"; };
		7E0FFF5519F89BE5007F322A /* RCApi.h */ = {isa = PBXFileReference; fileEncoding = 4; lastKnownFileType = sourcecode.c.h; path = RCApi.h; sourceTree = "<group>"; };
		7E0FFF5619F89BE5007F322A /* RCApi.m */ = {isa = PBXFileReference; fileEncoding = 4; lastKnownFileType = sourcecode.c.objc; path = RCApi.m; sourceTree = "<group>"; };
		7E0FFF5919F8A2DA007F322A /* CacheManager.h */ = {isa = PBXFileReference; fileEncoding = 4; lastKnownFileType = sourcecode.c.h; path = CacheManager.h; sourceTree = "<group>"; };
		7E0FFF5A19F8A2DA007F322A /* CacheManager.m */ = {isa = PBXFileReference; fileEncoding = 4; lastKnownFileType = sourcecode.c.objc; path = CacheManager.m; sourceTree = "<group>"; };
		7E0FFF5D19F8ADB0007F322A /* rc.db */ = {isa = PBXFileReference; lastKnownFileType = file; path = rc.db; sourceTree = "<group>"; };
		7E0FFF6019F8CB7E007F322A /* NetworkTool.h */ = {isa = PBXFileReference; fileEncoding = 4; lastKnownFileType = sourcecode.c.h; path = NetworkTool.h; sourceTree = "<group>"; };
		7E0FFF6119F8CB7E007F322A /* NetworkTool.m */ = {isa = PBXFileReference; fileEncoding = 4; lastKnownFileType = sourcecode.c.objc; path = NetworkTool.m; sourceTree = "<group>"; };
		7E13F83619EF6B6100F347DF /* config.json */ = {isa = PBXFileReference; fileEncoding = 4; lastKnownFileType = text.json; path = config.json; sourceTree = "<group>"; };
		7E13F83A19EF6B6100F347DF /* p1.jpeg */ = {isa = PBXFileReference; lastKnownFileType = image.jpeg; path = p1.jpeg; sourceTree = "<group>"; };
		7E13F83B19EF6B6100F347DF /* p1.png */ = {isa = PBXFileReference; lastKnownFileType = image.png; path = p1.png; sourceTree = "<group>"; };
		7E13F83C19EF6B6100F347DF /* p2.png */ = {isa = PBXFileReference; lastKnownFileType = image.png; path = p2.png; sourceTree = "<group>"; };
		7E13F83D19EF6B6100F347DF /* p3.png */ = {isa = PBXFileReference; lastKnownFileType = image.png; path = p3.png; sourceTree = "<group>"; };
		7E13F83E19EF6B6100F347DF /* p4.png */ = {isa = PBXFileReference; lastKnownFileType = image.png; path = p4.png; sourceTree = "<group>"; };
		7E1BBBDD19EE15B100184499 /* FacebookSDK.framework */ = {isa = PBXFileReference; lastKnownFileType = wrapper.framework; path = FacebookSDK.framework; sourceTree = "<group>"; };
		7E1BBC1F19EE417200184499 /* AFHTTPRequestOperation.h */ = {isa = PBXFileReference; fileEncoding = 4; lastKnownFileType = sourcecode.c.h; path = AFHTTPRequestOperation.h; sourceTree = "<group>"; };
		7E1BBC2019EE417200184499 /* AFHTTPRequestOperation.m */ = {isa = PBXFileReference; fileEncoding = 4; lastKnownFileType = sourcecode.c.objc; path = AFHTTPRequestOperation.m; sourceTree = "<group>"; };
		7E1BBC2119EE417200184499 /* AFHTTPRequestOperationManager.h */ = {isa = PBXFileReference; fileEncoding = 4; lastKnownFileType = sourcecode.c.h; path = AFHTTPRequestOperationManager.h; sourceTree = "<group>"; };
		7E1BBC2219EE417200184499 /* AFHTTPRequestOperationManager.m */ = {isa = PBXFileReference; fileEncoding = 4; lastKnownFileType = sourcecode.c.objc; path = AFHTTPRequestOperationManager.m; sourceTree = "<group>"; };
		7E1BBC2319EE417200184499 /* AFHTTPSessionManager.h */ = {isa = PBXFileReference; fileEncoding = 4; lastKnownFileType = sourcecode.c.h; path = AFHTTPSessionManager.h; sourceTree = "<group>"; };
		7E1BBC2419EE417200184499 /* AFHTTPSessionManager.m */ = {isa = PBXFileReference; fileEncoding = 4; lastKnownFileType = sourcecode.c.objc; path = AFHTTPSessionManager.m; sourceTree = "<group>"; };
		7E1BBC2519EE417200184499 /* AFNetworking.h */ = {isa = PBXFileReference; fileEncoding = 4; lastKnownFileType = sourcecode.c.h; path = AFNetworking.h; sourceTree = "<group>"; };
		7E1BBC2619EE417200184499 /* AFNetworkReachabilityManager.h */ = {isa = PBXFileReference; fileEncoding = 4; lastKnownFileType = sourcecode.c.h; path = AFNetworkReachabilityManager.h; sourceTree = "<group>"; };
		7E1BBC2719EE417200184499 /* AFNetworkReachabilityManager.m */ = {isa = PBXFileReference; fileEncoding = 4; lastKnownFileType = sourcecode.c.objc; path = AFNetworkReachabilityManager.m; sourceTree = "<group>"; };
		7E1BBC2819EE417200184499 /* AFSecurityPolicy.h */ = {isa = PBXFileReference; fileEncoding = 4; lastKnownFileType = sourcecode.c.h; path = AFSecurityPolicy.h; sourceTree = "<group>"; };
		7E1BBC2919EE417200184499 /* AFSecurityPolicy.m */ = {isa = PBXFileReference; fileEncoding = 4; lastKnownFileType = sourcecode.c.objc; path = AFSecurityPolicy.m; sourceTree = "<group>"; };
		7E1BBC2A19EE417200184499 /* AFURLConnectionOperation.h */ = {isa = PBXFileReference; fileEncoding = 4; lastKnownFileType = sourcecode.c.h; path = AFURLConnectionOperation.h; sourceTree = "<group>"; };
		7E1BBC2B19EE417200184499 /* AFURLConnectionOperation.m */ = {isa = PBXFileReference; fileEncoding = 4; lastKnownFileType = sourcecode.c.objc; path = AFURLConnectionOperation.m; sourceTree = "<group>"; };
		7E1BBC2C19EE417200184499 /* AFURLRequestSerialization.h */ = {isa = PBXFileReference; fileEncoding = 4; lastKnownFileType = sourcecode.c.h; path = AFURLRequestSerialization.h; sourceTree = "<group>"; };
		7E1BBC2D19EE417200184499 /* AFURLRequestSerialization.m */ = {isa = PBXFileReference; fileEncoding = 4; lastKnownFileType = sourcecode.c.objc; path = AFURLRequestSerialization.m; sourceTree = "<group>"; };
		7E1BBC2E19EE417200184499 /* AFURLResponseSerialization.h */ = {isa = PBXFileReference; fileEncoding = 4; lastKnownFileType = sourcecode.c.h; path = AFURLResponseSerialization.h; sourceTree = "<group>"; };
		7E1BBC2F19EE417200184499 /* AFURLResponseSerialization.m */ = {isa = PBXFileReference; fileEncoding = 4; lastKnownFileType = sourcecode.c.objc; path = AFURLResponseSerialization.m; sourceTree = "<group>"; };
		7E1BBC3019EE417200184499 /* AFURLSessionManager.h */ = {isa = PBXFileReference; fileEncoding = 4; lastKnownFileType = sourcecode.c.h; path = AFURLSessionManager.h; sourceTree = "<group>"; };
		7E1BBC3119EE417200184499 /* AFURLSessionManager.m */ = {isa = PBXFileReference; fileEncoding = 4; lastKnownFileType = sourcecode.c.objc; path = AFURLSessionManager.m; sourceTree = "<group>"; };
		7E1BBC3319EE417200184499 /* Reachability.h */ = {isa = PBXFileReference; fileEncoding = 4; lastKnownFileType = sourcecode.c.h; path = Reachability.h; sourceTree = "<group>"; };
		7E1BBC3419EE417200184499 /* Reachability.m */ = {isa = PBXFileReference; fileEncoding = 4; lastKnownFileType = sourcecode.c.objc; path = Reachability.m; sourceTree = "<group>"; };
		7E1BBC3719EE417200184499 /* FMDatabase.h */ = {isa = PBXFileReference; fileEncoding = 4; lastKnownFileType = sourcecode.c.h; path = FMDatabase.h; sourceTree = "<group>"; };
		7E1BBC3819EE417200184499 /* FMDatabase.m */ = {isa = PBXFileReference; fileEncoding = 4; lastKnownFileType = sourcecode.c.objc; path = FMDatabase.m; sourceTree = "<group>"; };
		7E1BBC3919EE417200184499 /* FMDatabaseAdditions.h */ = {isa = PBXFileReference; fileEncoding = 4; lastKnownFileType = sourcecode.c.h; path = FMDatabaseAdditions.h; sourceTree = "<group>"; };
		7E1BBC3A19EE417200184499 /* FMDatabaseAdditions.m */ = {isa = PBXFileReference; fileEncoding = 4; lastKnownFileType = sourcecode.c.objc; path = FMDatabaseAdditions.m; sourceTree = "<group>"; };
		7E1BBC3B19EE417200184499 /* FMDatabasePool.h */ = {isa = PBXFileReference; fileEncoding = 4; lastKnownFileType = sourcecode.c.h; path = FMDatabasePool.h; sourceTree = "<group>"; };
		7E1BBC3C19EE417200184499 /* FMDatabasePool.m */ = {isa = PBXFileReference; fileEncoding = 4; lastKnownFileType = sourcecode.c.objc; path = FMDatabasePool.m; sourceTree = "<group>"; };
		7E1BBC3D19EE417200184499 /* FMDatabaseQueue.h */ = {isa = PBXFileReference; fileEncoding = 4; lastKnownFileType = sourcecode.c.h; path = FMDatabaseQueue.h; sourceTree = "<group>"; };
		7E1BBC3E19EE417200184499 /* FMDatabaseQueue.m */ = {isa = PBXFileReference; fileEncoding = 4; lastKnownFileType = sourcecode.c.objc; path = FMDatabaseQueue.m; sourceTree = "<group>"; };
		7E1BBC3F19EE417200184499 /* FMDB.h */ = {isa = PBXFileReference; fileEncoding = 4; lastKnownFileType = sourcecode.c.h; path = FMDB.h; sourceTree = "<group>"; };
		7E1BBC4019EE417200184499 /* FMResultSet.h */ = {isa = PBXFileReference; fileEncoding = 4; lastKnownFileType = sourcecode.c.h; path = FMResultSet.h; sourceTree = "<group>"; };
		7E1BBC4119EE417200184499 /* FMResultSet.m */ = {isa = PBXFileReference; fileEncoding = 4; lastKnownFileType = sourcecode.c.objc; path = FMResultSet.m; sourceTree = "<group>"; };
		7E1BBC4319EE417200184499 /* LoggerClient.h */ = {isa = PBXFileReference; fileEncoding = 4; lastKnownFileType = sourcecode.c.h; path = LoggerClient.h; sourceTree = "<group>"; };
		7E1BBC4419EE417200184499 /* LoggerClient.m */ = {isa = PBXFileReference; fileEncoding = 4; lastKnownFileType = sourcecode.c.objc; path = LoggerClient.m; sourceTree = "<group>"; };
		7E1BBC4519EE417200184499 /* LoggerCommon.h */ = {isa = PBXFileReference; fileEncoding = 4; lastKnownFileType = sourcecode.c.h; path = LoggerCommon.h; sourceTree = "<group>"; };
		7E1BBC4619EE417200184499 /* NSLogger.h */ = {isa = PBXFileReference; fileEncoding = 4; lastKnownFileType = sourcecode.c.h; path = NSLogger.h; sourceTree = "<group>"; };
		7E1BBC5819EE417200184499 /* testController.h */ = {isa = PBXFileReference; fileEncoding = 4; lastKnownFileType = sourcecode.c.h; path = testController.h; sourceTree = "<group>"; };
		7E1BBC5919EE417200184499 /* testController.m */ = {isa = PBXFileReference; fileEncoding = 4; lastKnownFileType = sourcecode.c.objc; path = testController.m; sourceTree = "<group>"; };
		7E1BBC5D19EE417200184499 /* RCConfig.h */ = {isa = PBXFileReference; fileEncoding = 4; lastKnownFileType = sourcecode.c.h; path = RCConfig.h; sourceTree = "<group>"; };
		7E1BBC5E19EE417200184499 /* RCConfig.m */ = {isa = PBXFileReference; fileEncoding = 4; lastKnownFileType = sourcecode.c.objc; path = RCConfig.m; sourceTree = "<group>"; };
		7E1BBC6119EE417200184499 /* Db.h */ = {isa = PBXFileReference; fileEncoding = 4; lastKnownFileType = sourcecode.c.h; path = Db.h; sourceTree = "<group>"; };
		7E1BBC6219EE417200184499 /* Db.m */ = {isa = PBXFileReference; fileEncoding = 4; lastKnownFileType = sourcecode.c.objc; path = Db.m; sourceTree = "<group>"; };
		7E1BBC6419EE417200184499 /* FileManage.h */ = {isa = PBXFileReference; fileEncoding = 4; lastKnownFileType = sourcecode.c.h; path = FileManage.h; sourceTree = "<group>"; };
		7E1BBC6519EE417200184499 /* FileManage.m */ = {isa = PBXFileReference; fileEncoding = 4; lastKnownFileType = sourcecode.c.objc; path = FileManage.m; sourceTree = "<group>"; };
		7E1BBC6719EE417200184499 /* Image.h */ = {isa = PBXFileReference; fileEncoding = 4; lastKnownFileType = sourcecode.c.h; path = Image.h; sourceTree = "<group>"; };
		7E1BBC6819EE417200184499 /* Image.m */ = {isa = PBXFileReference; fileEncoding = 4; lastKnownFileType = sourcecode.c.objc; path = Image.m; sourceTree = "<group>"; };
		7E1BBC6A19EE417200184499 /* Json.h */ = {isa = PBXFileReference; fileEncoding = 4; lastKnownFileType = sourcecode.c.h; path = Json.h; sourceTree = "<group>"; };
		7E1BBC6B19EE417200184499 /* Json.m */ = {isa = PBXFileReference; fileEncoding = 4; lastKnownFileType = sourcecode.c.objc; path = Json.m; sourceTree = "<group>"; };
		7E1BBC6D19EE417200184499 /* Log.h */ = {isa = PBXFileReference; fileEncoding = 4; lastKnownFileType = sourcecode.c.h; path = Log.h; sourceTree = "<group>"; };
		7E1BBC6E19EE417200184499 /* Log.m */ = {isa = PBXFileReference; fileEncoding = 4; lastKnownFileType = sourcecode.c.objc; path = Log.m; sourceTree = "<group>"; };
		7E1BBC9619EE419500184499 /* GlobalContext.h */ = {isa = PBXFileReference; fileEncoding = 4; lastKnownFileType = sourcecode.c.h; path = GlobalContext.h; sourceTree = "<group>"; };
		7E1BBC9719EE419500184499 /* GlobalContext.m */ = {isa = PBXFileReference; fileEncoding = 4; lastKnownFileType = sourcecode.c.objc; path = GlobalContext.m; sourceTree = "<group>"; };
		7E629FB519F9EB68007DE6DC /* WContext.h */ = {isa = PBXFileReference; fileEncoding = 4; lastKnownFileType = sourcecode.c.h; path = WContext.h; sourceTree = "<group>"; };
		7E629FB619F9EB68007DE6DC /* WContext.m */ = {isa = PBXFileReference; fileEncoding = 4; lastKnownFileType = sourcecode.c.objc; path = WContext.m; sourceTree = "<group>"; };
		7E804F461A0215DA00591337 /* CategoriesSettingViewController.h */ = {isa = PBXFileReference; fileEncoding = 4; lastKnownFileType = sourcecode.c.h; path = CategoriesSettingViewController.h; sourceTree = "<group>"; };
		7E804F471A0215DA00591337 /* CategoriesSettingViewController.m */ = {isa = PBXFileReference; fileEncoding = 4; lastKnownFileType = sourcecode.c.objc; path = CategoriesSettingViewController.m; sourceTree = "<group>"; };
		7E804F491A0215DA00591337 /* CustomersSettingViewController.h */ = {isa = PBXFileReference; fileEncoding = 4; lastKnownFileType = sourcecode.c.h; path = CustomersSettingViewController.h; sourceTree = "<group>"; };
		7E804F4A1A0215DA00591337 /* CustomersSettingViewController.m */ = {isa = PBXFileReference; fileEncoding = 4; lastKnownFileType = sourcecode.c.objc; path = CustomersSettingViewController.m; sourceTree = "<group>"; };
		7E804F4C1A0215DA00591337 /* EmployeeSettingViewController.h */ = {isa = PBXFileReference; fileEncoding = 4; lastKnownFileType = sourcecode.c.h; path = EmployeeSettingViewController.h; sourceTree = "<group>"; };
		7E804F4D1A0215DA00591337 /* EmployeeSettingViewController.m */ = {isa = PBXFileReference; fileEncoding = 4; lastKnownFileType = sourcecode.c.objc; path = EmployeeSettingViewController.m; sourceTree = "<group>"; };
		7E804F4F1A0215DA00591337 /* ProductsSettingViewController.h */ = {isa = PBXFileReference; fileEncoding = 4; lastKnownFileType = sourcecode.c.h; path = ProductsSettingViewController.h; sourceTree = "<group>"; };
		7E804F501A0215DA00591337 /* ProductsSettingViewController.m */ = {isa = PBXFileReference; fileEncoding = 4; lastKnownFileType = sourcecode.c.objc; path = ProductsSettingViewController.m; sourceTree = "<group>"; };
		7E804F521A0215DA00591337 /* StoreSettingViewController.h */ = {isa = PBXFileReference; fileEncoding = 4; lastKnownFileType = sourcecode.c.h; path = StoreSettingViewController.h; sourceTree = "<group>"; };
		7E804F531A0215DA00591337 /* StoreSettingViewController.m */ = {isa = PBXFileReference; fileEncoding = 4; lastKnownFileType = sourcecode.c.objc; path = StoreSettingViewController.m; sourceTree = "<group>"; };
		7E804F5A1A02160A00591337 /* CachierSettingViewController.h */ = {isa = PBXFileReference; fileEncoding = 4; lastKnownFileType = sourcecode.c.h; path = CachierSettingViewController.h; sourceTree = "<group>"; };
		7E804F5B1A02160A00591337 /* CachierSettingViewController.m */ = {isa = PBXFileReference; fileEncoding = 4; lastKnownFileType = sourcecode.c.objc; path = CachierSettingViewController.m; sourceTree = "<group>"; };
		7E804F5D1A021A5B00591337 /* MainMenuView.h */ = {isa = PBXFileReference; fileEncoding = 4; lastKnownFileType = sourcecode.c.h; path = MainMenuView.h; sourceTree = "<group>"; };
		7E804F5E1A021A5B00591337 /* MainMenuView.m */ = {isa = PBXFileReference; fileEncoding = 4; lastKnownFileType = sourcecode.c.objc; path = MainMenuView.m; sourceTree = "<group>"; };
		7E804F601A02342300591337 /* SettingMenuView.h */ = {isa = PBXFileReference; fileEncoding = 4; lastKnownFileType = sourcecode.c.h; path = SettingMenuView.h; sourceTree = "<group>"; };
		7E804F611A02342300591337 /* SettingMenuView.m */ = {isa = PBXFileReference; fileEncoding = 4; lastKnownFileType = sourcecode.c.objc; path = SettingMenuView.m; sourceTree = "<group>"; };
		7E9356971A03646400B03EAE /* CreateCustomersViewController.h */ = {isa = PBXFileReference; fileEncoding = 4; lastKnownFileType = sourcecode.c.h; path = CreateCustomersViewController.h; sourceTree = "<group>"; };
		7E9356981A03646400B03EAE /* CreateCustomersViewController.m */ = {isa = PBXFileReference; fileEncoding = 4; lastKnownFileType = sourcecode.c.objc; path = CreateCustomersViewController.m; sourceTree = "<group>"; };
		7E93569A1A036F1A00B03EAE /* CreateEmployeeViewController.h */ = {isa = PBXFileReference; fileEncoding = 4; lastKnownFileType = sourcecode.c.h; path = CreateEmployeeViewController.h; sourceTree = "<group>"; };
		7E93569B1A036F1B00B03EAE /* CreateEmployeeViewController.m */ = {isa = PBXFileReference; fileEncoding = 4; lastKnownFileType = sourcecode.c.objc; path = CreateEmployeeViewController.m; sourceTree = "<group>"; };
		7E964BB019ED22A3009FC8C9 /* RCApp_IOS.app */ = {isa = PBXFileReference; explicitFileType = wrapper.application; includeInIndex = 0; path = RCApp_IOS.app; sourceTree = BUILT_PRODUCTS_DIR; };
		7E964BB419ED22A3009FC8C9 /* Info.plist */ = {isa = PBXFileReference; lastKnownFileType = text.plist.xml; path = Info.plist; sourceTree = "<group>"; };
		7E964BB519ED22A3009FC8C9 /* main.m */ = {isa = PBXFileReference; lastKnownFileType = sourcecode.c.objc; path = main.m; sourceTree = "<group>"; };
		7E964BB719ED22A3009FC8C9 /* AppDelegate.h */ = {isa = PBXFileReference; lastKnownFileType = sourcecode.c.h; path = AppDelegate.h; sourceTree = "<group>"; };
		7E964BB819ED22A3009FC8C9 /* AppDelegate.m */ = {isa = PBXFileReference; lastKnownFileType = sourcecode.c.objc; path = AppDelegate.m; sourceTree = "<group>"; };
		7E964BBB19ED22A3009FC8C9 /* RCApp_IOS.xcdatamodel */ = {isa = PBXFileReference; lastKnownFileType = wrapper.xcdatamodel; path = RCApp_IOS.xcdatamodel; sourceTree = "<group>"; };
		7E964BC119ED22A3009FC8C9 /* Base */ = {isa = PBXFileReference; lastKnownFileType = file.storyboard; name = Base; path = Base.lproj/Main.storyboard; sourceTree = "<group>"; };
		7E964BC319ED22A3009FC8C9 /* Images.xcassets */ = {isa = PBXFileReference; lastKnownFileType = folder.assetcatalog; path = Images.xcassets; sourceTree = "<group>"; };
		7E964BC619ED22A3009FC8C9 /* Base */ = {isa = PBXFileReference; lastKnownFileType = file.xib; name = Base; path = Base.lproj/LaunchScreen.xib; sourceTree = "<group>"; };
		7E964BCC19ED22A3009FC8C9 /* RCApp_IOSTests.xctest */ = {isa = PBXFileReference; explicitFileType = wrapper.cfbundle; includeInIndex = 0; path = RCApp_IOSTests.xctest; sourceTree = BUILT_PRODUCTS_DIR; };
		7E964BD119ED22A3009FC8C9 /* Info.plist */ = {isa = PBXFileReference; lastKnownFileType = text.plist.xml; path = Info.plist; sourceTree = "<group>"; };
		7E964BD219ED22A3009FC8C9 /* RCApp_IOSTests.m */ = {isa = PBXFileReference; lastKnownFileType = sourcecode.c.objc; path = RCApp_IOSTests.m; sourceTree = "<group>"; };
		7E964C6119ED230A009FC8C9 /* CFNetwork.framework */ = {isa = PBXFileReference; lastKnownFileType = wrapper.framework; name = CFNetwork.framework; path = System/Library/Frameworks/CFNetwork.framework; sourceTree = SDKROOT; };
		7E964C6319ED2310009FC8C9 /* libsqlite3.0.dylib */ = {isa = PBXFileReference; lastKnownFileType = "compiled.mach-o.dylib"; name = libsqlite3.0.dylib; path = usr/lib/libsqlite3.0.dylib; sourceTree = SDKROOT; };
		7E964C6519ED2323009FC8C9 /* SystemConfiguration.framework */ = {isa = PBXFileReference; lastKnownFileType = wrapper.framework; name = SystemConfiguration.framework; path = System/Library/Frameworks/SystemConfiguration.framework; sourceTree = SDKROOT; };
		7EA8FD271A00FA160081C585 /* RCOrderApi.h */ = {isa = PBXFileReference; fileEncoding = 4; lastKnownFileType = sourcecode.c.h; path = RCOrderApi.h; sourceTree = "<group>"; };
		7EA8FD281A00FA160081C585 /* RCOrderApi.m */ = {isa = PBXFileReference; fileEncoding = 4; lastKnownFileType = sourcecode.c.objc; path = RCOrderApi.m; sourceTree = "<group>"; };
		7EB7809419FDDAD600483420 /* CrashReporter.framework */ = {isa = PBXFileReference; lastKnownFileType = wrapper.framework; path = CrashReporter.framework; sourceTree = "<group>"; };
		7EB7809619FDDE9000483420 /* MessageUI.framework */ = {isa = PBXFileReference; lastKnownFileType = wrapper.framework; name = MessageUI.framework; path = System/Library/Frameworks/MessageUI.framework; sourceTree = SDKROOT; };
		7EB7809E19FE1BD700483420 /* PhotoAlbumListViewController.h */ = {isa = PBXFileReference; fileEncoding = 4; lastKnownFileType = sourcecode.c.h; path = PhotoAlbumListViewController.h; sourceTree = "<group>"; };
		7EB7809F19FE1BD700483420 /* PhotoAlbumListViewController.m */ = {isa = PBXFileReference; fileEncoding = 4; lastKnownFileType = sourcecode.c.objc; path = PhotoAlbumListViewController.m; sourceTree = "<group>"; };
		7EB780A419FF1ADF00483420 /* CameraViewController.h */ = {isa = PBXFileReference; fileEncoding = 4; lastKnownFileType = sourcecode.c.h; path = CameraViewController.h; sourceTree = "<group>"; };
		7EB780A519FF1ADF00483420 /* CameraViewController.m */ = {isa = PBXFileReference; fileEncoding = 4; lastKnownFileType = sourcecode.c.objc; path = CameraViewController.m; sourceTree = "<group>"; };
		7EB780AA19FF2ADE00483420 /* MediaPlayer.framework */ = {isa = PBXFileReference; lastKnownFileType = wrapper.framework; name = MediaPlayer.framework; path = System/Library/Frameworks/MediaPlayer.framework; sourceTree = SDKROOT; };
		7EB780AC19FF2CFB00483420 /* AVFoundation.framework */ = {isa = PBXFileReference; lastKnownFileType = wrapper.framework; name = AVFoundation.framework; path = System/Library/Frameworks/AVFoundation.framework; sourceTree = SDKROOT; };
		7EB780C019FF36DF00483420 /* landing2.png */ = {isa = PBXFileReference; lastKnownFileType = image.png; path = landing2.png; sourceTree = "<group>"; };
		7EB780C119FF36DF00483420 /* RCLogo.png */ = {isa = PBXFileReference; lastKnownFileType = image.png; path = RCLogo.png; sourceTree = "<group>"; };
		7EB780C519FF372000483420 /* LandingIndexViewController.h */ = {isa = PBXFileReference; fileEncoding = 4; lastKnownFileType = sourcecode.c.h; path = LandingIndexViewController.h; sourceTree = "<group>"; };
		7EB780C619FF372000483420 /* LandingIndexViewController.m */ = {isa = PBXFileReference; fileEncoding = 4; lastKnownFileType = sourcecode.c.objc; path = LandingIndexViewController.m; sourceTree = "<group>"; };
		7EB780C819FF38B600483420 /* landing1.png */ = {isa = PBXFileReference; lastKnownFileType = image.png; path = landing1.png; sourceTree = "<group>"; };
		7EB780CA19FF3EA800483420 /* RegisterViewController.h */ = {isa = PBXFileReference; fileEncoding = 4; lastKnownFileType = sourcecode.c.h; path = RegisterViewController.h; sourceTree = "<group>"; };
		7EB780CB19FF3EA800483420 /* RegisterViewController.m */ = {isa = PBXFileReference; fileEncoding = 4; lastKnownFileType = sourcecode.c.objc; path = RegisterViewController.m; sourceTree = "<group>"; };
		7ECA89C819F74D3C007418BF /* DataService.h */ = {isa = PBXFileReference; fileEncoding = 4; lastKnownFileType = sourcecode.c.h; path = DataService.h; sourceTree = "<group>"; };
		7ECA89C919F74D3C007418BF /* DataService.m */ = {isa = PBXFileReference; fileEncoding = 4; lastKnownFileType = sourcecode.c.objc; path = DataService.m; sourceTree = "<group>"; };
		7ECA89CC19F77CED007418BF /* ImageLoder.h */ = {isa = PBXFileReference; fileEncoding = 4; lastKnownFileType = sourcecode.c.h; path = ImageLoder.h; sourceTree = "<group>"; };
		7ECA89CD19F77CED007418BF /* ImageLoder.m */ = {isa = PBXFileReference; fileEncoding = 4; lastKnownFileType = sourcecode.c.objc; path = ImageLoder.m; sourceTree = "<group>"; };
		7EEEEE6E19F8DA640033255D /* UiTool.h */ = {isa = PBXFileReference; fileEncoding = 4; lastKnownFileType = sourcecode.c.h; path = UiTool.h; sourceTree = "<group>"; };
		7EEEEE6F19F8DA640033255D /* UiTool.m */ = {isa = PBXFileReference; fileEncoding = 4; lastKnownFileType = sourcecode.c.objc; path = UiTool.m; sourceTree = "<group>"; };
		7EEEEE9C19F8E29B0033255D /* loading-1.png */ = {isa = PBXFileReference; lastKnownFileType = image.png; path = "loading-1.png"; sourceTree = "<group>"; };
		7EEEEE9D19F8E29B0033255D /* loading-2.png */ = {isa = PBXFileReference; lastKnownFileType = image.png; path = "loading-2.png"; sourceTree = "<group>"; };
		7EEEEE9E19F8E29B0033255D /* loading-3.png */ = {isa = PBXFileReference; lastKnownFileType = image.png; path = "loading-3.png"; sourceTree = "<group>"; };
		7EEEEE9F19F8E29B0033255D /* loading-4.png */ = {isa = PBXFileReference; lastKnownFileType = image.png; path = "loading-4.png"; sourceTree = "<group>"; };
		7EEEEEA019F8E29B0033255D /* loading-5.png */ = {isa = PBXFileReference; lastKnownFileType = image.png; path = "loading-5.png"; sourceTree = "<group>"; };
		7EEEEEA119F8E29B0033255D /* loading-6.png */ = {isa = PBXFileReference; lastKnownFileType = image.png; path = "loading-6.png"; sourceTree = "<group>"; };
		7EEEEEA219F8E29B0033255D /* loading-7.png */ = {isa = PBXFileReference; lastKnownFileType = image.png; path = "loading-7.png"; sourceTree = "<group>"; };
		7EEEEEA319F8E29B0033255D /* loading-8.png */ = {isa = PBXFileReference; lastKnownFileType = image.png; path = "loading-8.png"; sourceTree = "<group>"; };
		7EEEEEA419F8E29B0033255D /* loading-9.png */ = {isa = PBXFileReference; lastKnownFileType = image.png; path = "loading-9.png"; sourceTree = "<group>"; };
		7EEEEEA519F8E29B0033255D /* loading-10.png */ = {isa = PBXFileReference; lastKnownFileType = image.png; path = "loading-10.png"; sourceTree = "<group>"; };
		7EEEEEA619F8E29B0033255D /* loading-11.png */ = {isa = PBXFileReference; lastKnownFileType = image.png; path = "loading-11.png"; sourceTree = "<group>"; };
		7EEEEEA719F8E29B0033255D /* loading-12.png */ = {isa = PBXFileReference; lastKnownFileType = image.png; path = "loading-12.png"; sourceTree = "<group>"; };
		7EEEEEB419F8F0510033255D /* ApiTask.h */ = {isa = PBXFileReference; fileEncoding = 4; lastKnownFileType = sourcecode.c.h; path = ApiTask.h; sourceTree = "<group>"; };
		7EEEEEB519F8F0510033255D /* ApiTask.m */ = {isa = PBXFileReference; fileEncoding = 4; lastKnownFileType = sourcecode.c.objc; path = ApiTask.m; sourceTree = "<group>"; };
		7EEEEEBC19F907760033255D /* RCLogApi.h */ = {isa = PBXFileReference; fileEncoding = 4; lastKnownFileType = sourcecode.c.h; path = RCLogApi.h; sourceTree = "<group>"; };
		7EEEEEBD19F907760033255D /* RCLogApi.m */ = {isa = PBXFileReference; fileEncoding = 4; lastKnownFileType = sourcecode.c.objc; path = RCLogApi.m; sourceTree = "<group>"; };
		7EFCAC9B19FF4D2500284FD1 /* AMAdditionViewController.h */ = {isa = PBXFileReference; fileEncoding = 4; lastKnownFileType = sourcecode.c.h; path = AMAdditionViewController.h; sourceTree = "<group>"; };
		7EFCAC9C19FF4D2500284FD1 /* AMAdditionViewController.m */ = {isa = PBXFileReference; fileEncoding = 4; lastKnownFileType = sourcecode.c.objc; path = AMAdditionViewController.m; sourceTree = "<group>"; };
		7EFCAC9E19FF4ECB00284FD1 /* ProductsIndexViewController.h */ = {isa = PBXFileReference; fileEncoding = 4; lastKnownFileType = sourcecode.c.h; path = ProductsIndexViewController.h; sourceTree = "<group>"; };
		7EFCAC9F19FF4ECB00284FD1 /* ProductsIndexViewController.m */ = {isa = PBXFileReference; fileEncoding = 4; lastKnownFileType = sourcecode.c.objc; path = ProductsIndexViewController.m; sourceTree = "<group>"; };
		7EFCACA119FF4F2C00284FD1 /* AMLoginViewController.h */ = {isa = PBXFileReference; fileEncoding = 4; lastKnownFileType = sourcecode.c.h; path = AMLoginViewController.h; sourceTree = "<group>"; };
		7EFCACA219FF4F2C00284FD1 /* AMLoginViewController.m */ = {isa = PBXFileReference; fileEncoding = 4; lastKnownFileType = sourcecode.c.objc; path = AMLoginViewController.m; sourceTree = "<group>"; };
		7EFCACA419FF8E2800284FD1 /* ProductViewItem.h */ = {isa = PBXFileReference; fileEncoding = 4; lastKnownFileType = sourcecode.c.h; path = ProductViewItem.h; sourceTree = "<group>"; };
		7EFCACA519FF8E2800284FD1 /* ProductViewItem.m */ = {isa = PBXFileReference; fileEncoding = 4; lastKnownFileType = sourcecode.c.objc; path = ProductViewItem.m; sourceTree = "<group>"; };
		7EFCACA719FF9AE500284FD1 /* OrderListViewItem.h */ = {isa = PBXFileReference; fileEncoding = 4; lastKnownFileType = sourcecode.c.h; path = OrderListViewItem.h; sourceTree = "<group>"; };
		7EFCACA819FF9AE500284FD1 /* OrderListViewItem.m */ = {isa = PBXFileReference; fileEncoding = 4; lastKnownFileType = sourcecode.c.objc; path = OrderListViewItem.m; sourceTree = "<group>"; };
/* End PBXFileReference section */

/* Begin PBXFrameworksBuildPhase section */
		7E964BAD19ED22A3009FC8C9 /* Frameworks */ = {
			isa = PBXFrameworksBuildPhase;
			buildActionMask = 2147483647;
			files = (
				7EB780AD19FF2CFB00483420 /* AVFoundation.framework in Frameworks */,
				7EB780AB19FF2ADE00483420 /* MediaPlayer.framework in Frameworks */,
				7EB7809719FDDE9000483420 /* MessageUI.framework in Frameworks */,
				7EB7809519FDDAD600483420 /* CrashReporter.framework in Frameworks */,
				7E964C6619ED2323009FC8C9 /* SystemConfiguration.framework in Frameworks */,
				7E1BBBDE19EE15B100184499 /* FacebookSDK.framework in Frameworks */,
				7E964C6419ED2310009FC8C9 /* libsqlite3.0.dylib in Frameworks */,
				7E964C6219ED230A009FC8C9 /* CFNetwork.framework in Frameworks */,
			);
			runOnlyForDeploymentPostprocessing = 0;
		};
		7E964BC919ED22A3009FC8C9 /* Frameworks */ = {
			isa = PBXFrameworksBuildPhase;
			buildActionMask = 2147483647;
			files = (
			);
			runOnlyForDeploymentPostprocessing = 0;
		};
/* End PBXFrameworksBuildPhase section */

/* Begin PBXGroup section */
		7E0FFF4B19F896D0007F322A /* task */ = {
			isa = PBXGroup;
			children = (
				7E0FFF4C19F896D0007F322A /* HttpTask.h */,
				7E0FFF4D19F896D0007F322A /* HttpTaskManager.h */,
				7E0FFF4E19F896D0007F322A /* HttpTaskManager.m */,
				7E0FFF4F19F896D0007F322A /* Task.h */,
				7E0FFF5019F896D0007F322A /* TaskManager.h */,
				7E0FFF5119F896D0007F322A /* TaskManager.m */,
			);
			path = task;
			sourceTree = "<group>";
		};
		7E0FFF5419F89BD6007F322A /* api */ = {
			isa = PBXGroup;
			children = (
				7EA8FD261A00F9F50081C585 /* RCOrderApi */,
				7EEEEEBB19F907760033255D /* RCLogApi */,
				7E0FFF5519F89BE5007F322A /* RCApi.h */,
				7E0FFF5619F89BE5007F322A /* RCApi.m */,
				7EEEEEB419F8F0510033255D /* ApiTask.h */,
				7EEEEEB519F8F0510033255D /* ApiTask.m */,
			);
			path = api;
			sourceTree = "<group>";
		};
		7E0FFF5819F8A1AD007F322A /* cache */ = {
			isa = PBXGroup;
			children = (
				7E0FFF5919F8A2DA007F322A /* CacheManager.h */,
				7E0FFF5A19F8A2DA007F322A /* CacheManager.m */,
			);
			path = cache;
			sourceTree = "<group>";
		};
		7E0FFF5C19F8ADB0007F322A /* db */ = {
			isa = PBXGroup;
			children = (
				7E0FFF5D19F8ADB0007F322A /* rc.db */,
			);
			path = db;
			sourceTree = "<group>";
		};
		7E0FFF5F19F8CB6A007F322A /* network */ = {
			isa = PBXGroup;
			children = (
				7E0FFF6019F8CB7E007F322A /* NetworkTool.h */,
				7E0FFF6119F8CB7E007F322A /* NetworkTool.m */,
			);
			path = network;
			sourceTree = "<group>";
		};
		7E13F83419EF6B6100F347DF /* resource */ = {
			isa = PBXGroup;
			children = (
				7E0FFF5C19F8ADB0007F322A /* db */,
				7E13F83519EF6B6100F347DF /* config */,
				7E13F83919EF6B6100F347DF /* image */,
			);
			path = resource;
			sourceTree = SOURCE_ROOT;
		};
		7E13F83519EF6B6100F347DF /* config */ = {
			isa = PBXGroup;
			children = (
				7E13F83619EF6B6100F347DF /* config.json */,
			);
			path = config;
			sourceTree = "<group>";
		};
		7E13F83919EF6B6100F347DF /* image */ = {
			isa = PBXGroup;
			children = (
				7EB780C819FF38B600483420 /* landing1.png */,
				7EB780C019FF36DF00483420 /* landing2.png */,
				7EB780C119FF36DF00483420 /* RCLogo.png */,
				7EEEEE9C19F8E29B0033255D /* loading-1.png */,
				7EEEEE9D19F8E29B0033255D /* loading-2.png */,
				7EEEEE9E19F8E29B0033255D /* loading-3.png */,
				7EEEEE9F19F8E29B0033255D /* loading-4.png */,
				7EEEEEA019F8E29B0033255D /* loading-5.png */,
				7EEEEEA119F8E29B0033255D /* loading-6.png */,
				7EEEEEA219F8E29B0033255D /* loading-7.png */,
				7EEEEEA319F8E29B0033255D /* loading-8.png */,
				7EEEEEA419F8E29B0033255D /* loading-9.png */,
				7EEEEEA519F8E29B0033255D /* loading-10.png */,
				7EEEEEA619F8E29B0033255D /* loading-11.png */,
				7EEEEEA719F8E29B0033255D /* loading-12.png */,
				7E13F83A19EF6B6100F347DF /* p1.jpeg */,
				7E13F83B19EF6B6100F347DF /* p1.png */,
				7E13F83C19EF6B6100F347DF /* p2.png */,
				7E13F83D19EF6B6100F347DF /* p3.png */,
				7E13F83E19EF6B6100F347DF /* p4.png */,
			);
			path = image;
			sourceTree = "<group>";
		};
		7E1BBC1C19EE417200184499 /* class */ = {
			isa = PBXGroup;
			children = (
			);
			path = class;
			sourceTree = SOURCE_ROOT;
		};
		7E1BBC1D19EE417200184499 /* lib */ = {
			isa = PBXGroup;
			children = (
				7EB7809319FDDAD600483420 /* PLCrashReporter */,
				7E1BBC1E19EE417200184499 /* AFNetwork */,
				7E1BBC3219EE417200184499 /* External */,
				7E1BBC3619EE417200184499 /* fmdb */,
				7E1BBC4219EE417200184499 /* nslogger */,
			);
			path = lib;
			sourceTree = SOURCE_ROOT;
		};
		7E1BBC1E19EE417200184499 /* AFNetwork */ = {
			isa = PBXGroup;
			children = (
				7E1BBC1F19EE417200184499 /* AFHTTPRequestOperation.h */,
				7E1BBC2019EE417200184499 /* AFHTTPRequestOperation.m */,
				7E1BBC2119EE417200184499 /* AFHTTPRequestOperationManager.h */,
				7E1BBC2219EE417200184499 /* AFHTTPRequestOperationManager.m */,
				7E1BBC2319EE417200184499 /* AFHTTPSessionManager.h */,
				7E1BBC2419EE417200184499 /* AFHTTPSessionManager.m */,
				7E1BBC2519EE417200184499 /* AFNetworking.h */,
				7E1BBC2619EE417200184499 /* AFNetworkReachabilityManager.h */,
				7E1BBC2719EE417200184499 /* AFNetworkReachabilityManager.m */,
				7E1BBC2819EE417200184499 /* AFSecurityPolicy.h */,
				7E1BBC2919EE417200184499 /* AFSecurityPolicy.m */,
				7E1BBC2A19EE417200184499 /* AFURLConnectionOperation.h */,
				7E1BBC2B19EE417200184499 /* AFURLConnectionOperation.m */,
				7E1BBC2C19EE417200184499 /* AFURLRequestSerialization.h */,
				7E1BBC2D19EE417200184499 /* AFURLRequestSerialization.m */,
				7E1BBC2E19EE417200184499 /* AFURLResponseSerialization.h */,
				7E1BBC2F19EE417200184499 /* AFURLResponseSerialization.m */,
				7E1BBC3019EE417200184499 /* AFURLSessionManager.h */,
				7E1BBC3119EE417200184499 /* AFURLSessionManager.m */,
			);
			path = AFNetwork;
			sourceTree = "<group>";
		};
		7E1BBC3219EE417200184499 /* External */ = {
			isa = PBXGroup;
			children = (
				7E1BBC3319EE417200184499 /* Reachability.h */,
				7E1BBC3419EE417200184499 /* Reachability.m */,
			);
			path = External;
			sourceTree = "<group>";
		};
		7E1BBC3619EE417200184499 /* fmdb */ = {
			isa = PBXGroup;
			children = (
				7E1BBC3719EE417200184499 /* FMDatabase.h */,
				7E1BBC3819EE417200184499 /* FMDatabase.m */,
				7E1BBC3919EE417200184499 /* FMDatabaseAdditions.h */,
				7E1BBC3A19EE417200184499 /* FMDatabaseAdditions.m */,
				7E1BBC3B19EE417200184499 /* FMDatabasePool.h */,
				7E1BBC3C19EE417200184499 /* FMDatabasePool.m */,
				7E1BBC3D19EE417200184499 /* FMDatabaseQueue.h */,
				7E1BBC3E19EE417200184499 /* FMDatabaseQueue.m */,
				7E1BBC3F19EE417200184499 /* FMDB.h */,
				7E1BBC4019EE417200184499 /* FMResultSet.h */,
				7E1BBC4119EE417200184499 /* FMResultSet.m */,
			);
			path = fmdb;
			sourceTree = "<group>";
		};
		7E1BBC4219EE417200184499 /* nslogger */ = {
			isa = PBXGroup;
			children = (
				7E1BBC4319EE417200184499 /* LoggerClient.h */,
				7E1BBC4419EE417200184499 /* LoggerClient.m */,
				7E1BBC4519EE417200184499 /* LoggerCommon.h */,
				7E1BBC4619EE417200184499 /* NSLogger.h */,
			);
			path = nslogger;
			sourceTree = "<group>";
		};
		7E1BBC5719EE417200184499 /* uicontroller */ = {
			isa = PBXGroup;
			children = (
				7EE1BEAC1A020E8F003BC25B /* setting */,
				7EB780B919FF35BE00483420 /* landing */,
				7EB780BB19FF35BE00483420 /* product */,
				7E1BBC5819EE417200184499 /* testController.h */,
				7E1BBC5919EE417200184499 /* testController.m */,
			);
			path = uicontroller;
			sourceTree = SOURCE_ROOT;
		};
		7E1BBC5A19EE417200184499 /* wilib */ = {
			isa = PBXGroup;
			children = (
				7E1BBC5B19EE417200184499 /* core */,
				7E1BBC6F19EE417200184499 /* rc */,
			);
			path = wilib;
			sourceTree = SOURCE_ROOT;
		};
		7E1BBC5B19EE417200184499 /* core */ = {
			isa = PBXGroup;
			children = (
				7E0FFF5F19F8CB6A007F322A /* network */,
				7E0FFF5819F8A1AD007F322A /* cache */,
				7E0FFF5419F89BD6007F322A /* api */,
				7E0FFF4B19F896D0007F322A /* task */,
				7ECA89C719F74D2A007418BF /* data */,
				7E1BBC5C19EE417200184499 /* config */,
				7E1BBC5F19EE417200184499 /* context */,
				7E1BBC6019EE417200184499 /* db */,
				7E1BBC6319EE417200184499 /* file */,
				7E1BBC6619EE417200184499 /* image */,
				7E1BBC6919EE417200184499 /* json */,
				7E1BBC6C19EE417200184499 /* log */,
			);
			path = core;
			sourceTree = "<group>";
		};
		7E1BBC5C19EE417200184499 /* config */ = {
			isa = PBXGroup;
			children = (
				7E1BBC5D19EE417200184499 /* RCConfig.h */,
				7E1BBC5E19EE417200184499 /* RCConfig.m */,
			);
			path = config;
			sourceTree = "<group>";
		};
		7E1BBC5F19EE417200184499 /* context */ = {
			isa = PBXGroup;
			children = (
				7E1BBC9619EE419500184499 /* GlobalContext.h */,
				7E1BBC9719EE419500184499 /* GlobalContext.m */,
				7E629FB519F9EB68007DE6DC /* WContext.h */,
				7E629FB619F9EB68007DE6DC /* WContext.m */,
			);
			path = context;
			sourceTree = "<group>";
		};
		7E1BBC6019EE417200184499 /* db */ = {
			isa = PBXGroup;
			children = (
				7E1BBC6119EE417200184499 /* Db.h */,
				7E1BBC6219EE417200184499 /* Db.m */,
			);
			path = db;
			sourceTree = "<group>";
		};
		7E1BBC6319EE417200184499 /* file */ = {
			isa = PBXGroup;
			children = (
				7E1BBC6419EE417200184499 /* FileManage.h */,
				7E1BBC6519EE417200184499 /* FileManage.m */,
			);
			path = file;
			sourceTree = "<group>";
		};
		7E1BBC6619EE417200184499 /* image */ = {
			isa = PBXGroup;
			children = (
				7E1BBC6719EE417200184499 /* Image.h */,
				7E1BBC6819EE417200184499 /* Image.m */,
			);
			path = image;
			sourceTree = "<group>";
		};
		7E1BBC6919EE417200184499 /* json */ = {
			isa = PBXGroup;
			children = (
				7E1BBC6A19EE417200184499 /* Json.h */,
				7E1BBC6B19EE417200184499 /* Json.m */,
			);
			path = json;
			sourceTree = "<group>";
		};
		7E1BBC6C19EE417200184499 /* log */ = {
			isa = PBXGroup;
			children = (
				7E1BBC6D19EE417200184499 /* Log.h */,
				7E1BBC6E19EE417200184499 /* Log.m */,
			);
			path = log;
			sourceTree = "<group>";
		};
		7E1BBC6F19EE417200184499 /* rc */ = {
			isa = PBXGroup;
			children = (
				7ECA89CB19F77CD4007418BF /* ui */,
			);
			path = rc;
			sourceTree = "<group>";
		};
		7E804F451A0215DA00591337 /* Categories */ = {
			isa = PBXGroup;
			children = (
				7E804F461A0215DA00591337 /* CategoriesSettingViewController.h */,
				7E804F471A0215DA00591337 /* CategoriesSettingViewController.m */,
			);
			path = Categories;
			sourceTree = "<group>";
		};
		7E804F481A0215DA00591337 /* Customers */ = {
			isa = PBXGroup;
			children = (
				7E804F491A0215DA00591337 /* CustomersSettingViewController.h */,
				7E804F4A1A0215DA00591337 /* CustomersSettingViewController.m */,
				7E9356971A03646400B03EAE /* CreateCustomersViewController.h */,
				7E9356981A03646400B03EAE /* CreateCustomersViewController.m */,
			);
			path = Customers;
			sourceTree = "<group>";
		};
		7E804F4B1A0215DA00591337 /* Employee */ = {
			isa = PBXGroup;
			children = (
				7E804F4C1A0215DA00591337 /* EmployeeSettingViewController.h */,
				7E804F4D1A0215DA00591337 /* EmployeeSettingViewController.m */,
				7E93569A1A036F1A00B03EAE /* CreateEmployeeViewController.h */,
				7E93569B1A036F1B00B03EAE /* CreateEmployeeViewController.m */,
			);
			path = Employee;
			sourceTree = "<group>";
		};
		7E804F4E1A0215DA00591337 /* Products */ = {
			isa = PBXGroup;
			children = (
				7E804F4F1A0215DA00591337 /* ProductsSettingViewController.h */,
				7E804F501A0215DA00591337 /* ProductsSettingViewController.m */,
			);
			path = Products;
			sourceTree = "<group>";
		};
		7E804F511A0215DA00591337 /* Store */ = {
			isa = PBXGroup;
			children = (
				7E804F521A0215DA00591337 /* StoreSettingViewController.h */,
				7E804F531A0215DA00591337 /* StoreSettingViewController.m */,
			);
			path = Store;
			sourceTree = "<group>";
		};
		7E804F591A0215FE00591337 /* Cachier */ = {
			isa = PBXGroup;
			children = (
				7E804F5A1A02160A00591337 /* CachierSettingViewController.h */,
				7E804F5B1A02160A00591337 /* CachierSettingViewController.m */,
			);
			path = Cachier;
			sourceTree = "<group>";
		};
		7E964BA719ED22A3009FC8C9 = {
			isa = PBXGroup;
			children = (
				7EB780AC19FF2CFB00483420 /* AVFoundation.framework */,
				7EB780AA19FF2ADE00483420 /* MediaPlayer.framework */,
				7EB7809619FDDE9000483420 /* MessageUI.framework */,
				7E964C6519ED2323009FC8C9 /* SystemConfiguration.framework */,
				7E964C6319ED2310009FC8C9 /* libsqlite3.0.dylib */,
				7E1BBBDD19EE15B100184499 /* FacebookSDK.framework */,
				7E964C6119ED230A009FC8C9 /* CFNetwork.framework */,
				7E964BB219ED22A3009FC8C9 /* RCApp_IOS */,
				7E964BCF19ED22A3009FC8C9 /* RCApp_IOSTests */,
				7E964BB119ED22A3009FC8C9 /* Products */,
			);
			sourceTree = "<group>";
		};
		7E964BB119ED22A3009FC8C9 /* Products */ = {
			isa = PBXGroup;
			children = (
				7E964BB019ED22A3009FC8C9 /* RCApp_IOS.app */,
				7E964BCC19ED22A3009FC8C9 /* RCApp_IOSTests.xctest */,
			);
			name = Products;
			sourceTree = "<group>";
		};
		7E964BB219ED22A3009FC8C9 /* RCApp_IOS */ = {
			isa = PBXGroup;
			children = (
				7E13F83419EF6B6100F347DF /* resource */,
				7E1BBC1C19EE417200184499 /* class */,
				7E1BBC1D19EE417200184499 /* lib */,
				7E1BBC5A19EE417200184499 /* wilib */,
				7E1BBC5719EE417200184499 /* uicontroller */,
				7E964BB719ED22A3009FC8C9 /* AppDelegate.h */,
				7E964BB819ED22A3009FC8C9 /* AppDelegate.m */,
				7E964BC019ED22A3009FC8C9 /* Main.storyboard */,
				7E964BC319ED22A3009FC8C9 /* Images.xcassets */,
				7E964BC519ED22A3009FC8C9 /* LaunchScreen.xib */,
				7E964BBA19ED22A3009FC8C9 /* RCApp_IOS.xcdatamodeld */,
				7E964BB319ED22A3009FC8C9 /* Supporting Files */,
			);
			path = RCApp_IOS;
			sourceTree = "<group>";
		};
		7E964BB319ED22A3009FC8C9 /* Supporting Files */ = {
			isa = PBXGroup;
			children = (
				7E964BB419ED22A3009FC8C9 /* Info.plist */,
				7E964BB519ED22A3009FC8C9 /* main.m */,
			);
			name = "Supporting Files";
			sourceTree = "<group>";
		};
		7E964BCF19ED22A3009FC8C9 /* RCApp_IOSTests */ = {
			isa = PBXGroup;
			children = (
				7E964BD219ED22A3009FC8C9 /* RCApp_IOSTests.m */,
				7E964BD019ED22A3009FC8C9 /* Supporting Files */,
			);
			path = RCApp_IOSTests;
			sourceTree = "<group>";
		};
		7E964BD019ED22A3009FC8C9 /* Supporting Files */ = {
			isa = PBXGroup;
			children = (
				7E964BD119ED22A3009FC8C9 /* Info.plist */,
			);
			name = "Supporting Files";
			sourceTree = "<group>";
		};
		7EA8FD261A00F9F50081C585 /* RCOrderApi */ = {
			isa = PBXGroup;
			children = (
				7EA8FD271A00FA160081C585 /* RCOrderApi.h */,
				7EA8FD281A00FA160081C585 /* RCOrderApi.m */,
			);
			path = RCOrderApi;
			sourceTree = "<group>";
		};
		7EB7809319FDDAD600483420 /* PLCrashReporter */ = {
			isa = PBXGroup;
			children = (
				7EB7809419FDDAD600483420 /* CrashReporter.framework */,
			);
			path = PLCrashReporter;
			sourceTree = "<group>";
		};
		7EB780B919FF35BE00483420 /* landing */ = {
			isa = PBXGroup;
			children = (
				7EB780C519FF372000483420 /* LandingIndexViewController.h */,
				7EB780C619FF372000483420 /* LandingIndexViewController.m */,
				7EB780CA19FF3EA800483420 /* RegisterViewController.h */,
				7EB780CB19FF3EA800483420 /* RegisterViewController.m */,
				7EFCAC9B19FF4D2500284FD1 /* AMAdditionViewController.h */,
				7EFCAC9C19FF4D2500284FD1 /* AMAdditionViewController.m */,
				7EFCACA119FF4F2C00284FD1 /* AMLoginViewController.h */,
				7EFCACA219FF4F2C00284FD1 /* AMLoginViewController.m */,
			);
			path = landing;
			sourceTree = "<group>";
		};
		7EB780BB19FF35BE00483420 /* product */ = {
			isa = PBXGroup;
			children = (
				7EFCAC9E19FF4ECB00284FD1 /* ProductsIndexViewController.h */,
				7EFCAC9F19FF4ECB00284FD1 /* ProductsIndexViewController.m */,
				7EFCACA419FF8E2800284FD1 /* ProductViewItem.h */,
				7EFCACA519FF8E2800284FD1 /* ProductViewItem.m */,
				7EFCACA719FF9AE500284FD1 /* OrderListViewItem.h */,
				7EFCACA819FF9AE500284FD1 /* OrderListViewItem.m */,
			);
			path = product;
			sourceTree = "<group>";
		};
		7ECA89C719F74D2A007418BF /* data */ = {
			isa = PBXGroup;
			children = (
				7ECA89C819F74D3C007418BF /* DataService.h */,
				7ECA89C919F74D3C007418BF /* DataService.m */,
			);
			path = data;
			sourceTree = "<group>";
		};
		7ECA89CB19F77CD4007418BF /* ui */ = {
			isa = PBXGroup;
			children = (
				7ECA89CC19F77CED007418BF /* ImageLoder.h */,
				7ECA89CD19F77CED007418BF /* ImageLoder.m */,
				7EEEEE6E19F8DA640033255D /* UiTool.h */,
				7EEEEE6F19F8DA640033255D /* UiTool.m */,
				7EB7809E19FE1BD700483420 /* PhotoAlbumListViewController.h */,
				7EB7809F19FE1BD700483420 /* PhotoAlbumListViewController.m */,
				7EB780A419FF1ADF00483420 /* CameraViewController.h */,
				7EB780A519FF1ADF00483420 /* CameraViewController.m */,
				7E804F5D1A021A5B00591337 /* MainMenuView.h */,
				7E804F5E1A021A5B00591337 /* MainMenuView.m */,
				7E804F601A02342300591337 /* SettingMenuView.h */,
				7E804F611A02342300591337 /* SettingMenuView.m */,
			);
			path = ui;
			sourceTree = "<group>";
		};
		7EE1BEAC1A020E8F003BC25B /* setting */ = {
			isa = PBXGroup;
			children = (
				7E804F591A0215FE00591337 /* Cachier */,
				7E804F451A0215DA00591337 /* Categories */,
				7E804F481A0215DA00591337 /* Customers */,
				7E804F4B1A0215DA00591337 /* Employee */,
				7E804F4E1A0215DA00591337 /* Products */,
				7E804F511A0215DA00591337 /* Store */,
			);
			path = setting;
			sourceTree = "<group>";
		};
		7EEEEEBB19F907760033255D /* RCLogApi */ = {
			isa = PBXGroup;
			children = (
				7EEEEEBC19F907760033255D /* RCLogApi.h */,
				7EEEEEBD19F907760033255D /* RCLogApi.m */,
			);
			path = RCLogApi;
			sourceTree = "<group>";
		};
/* End PBXGroup section */

/* Begin PBXNativeTarget section */
		7E964BAF19ED22A3009FC8C9 /* RCApp_IOS */ = {
			isa = PBXNativeTarget;
			buildConfigurationList = 7E964BD619ED22A3009FC8C9 /* Build configuration list for PBXNativeTarget "RCApp_IOS" */;
			buildPhases = (
				7E964BAC19ED22A3009FC8C9 /* Sources */,
				7E964BAD19ED22A3009FC8C9 /* Frameworks */,
				7E964BAE19ED22A3009FC8C9 /* Resources */,
			);
			buildRules = (
			);
			dependencies = (
			);
			name = RCApp_IOS;
			productName = RCApp_IOS;
			productReference = 7E964BB019ED22A3009FC8C9 /* RCApp_IOS.app */;
			productType = "com.apple.product-type.application";
		};
		7E964BCB19ED22A3009FC8C9 /* RCApp_IOSTests */ = {
			isa = PBXNativeTarget;
			buildConfigurationList = 7E964BD919ED22A3009FC8C9 /* Build configuration list for PBXNativeTarget "RCApp_IOSTests" */;
			buildPhases = (
				7E964BC819ED22A3009FC8C9 /* Sources */,
				7E964BC919ED22A3009FC8C9 /* Frameworks */,
				7E964BCA19ED22A3009FC8C9 /* Resources */,
			);
			buildRules = (
			);
			dependencies = (
				7E964BCE19ED22A3009FC8C9 /* PBXTargetDependency */,
			);
			name = RCApp_IOSTests;
			productName = RCApp_IOSTests;
			productReference = 7E964BCC19ED22A3009FC8C9 /* RCApp_IOSTests.xctest */;
			productType = "com.apple.product-type.bundle.unit-test";
		};
/* End PBXNativeTarget section */

/* Begin PBXProject section */
		7E964BA819ED22A3009FC8C9 /* Project object */ = {
			isa = PBXProject;
			attributes = {
				LastUpgradeCheck = 0600;
				ORGANIZATIONNAME = T3RetailCloud;
				TargetAttributes = {
					7E964BAF19ED22A3009FC8C9 = {
						CreatedOnToolsVersion = 6.0.1;
					};
					7E964BCB19ED22A3009FC8C9 = {
						CreatedOnToolsVersion = 6.0.1;
						TestTargetID = 7E964BAF19ED22A3009FC8C9;
					};
				};
			};
			buildConfigurationList = 7E964BAB19ED22A3009FC8C9 /* Build configuration list for PBXProject "RCApp_IOS" */;
			compatibilityVersion = "Xcode 3.2";
			developmentRegion = English;
			hasScannedForEncodings = 0;
			knownRegions = (
				en,
				Base,
			);
			mainGroup = 7E964BA719ED22A3009FC8C9;
			productRefGroup = 7E964BB119ED22A3009FC8C9 /* Products */;
			projectDirPath = "";
			projectRoot = "";
			targets = (
				7E964BAF19ED22A3009FC8C9 /* RCApp_IOS */,
				7E964BCB19ED22A3009FC8C9 /* RCApp_IOSTests */,
			);
		};
/* End PBXProject section */

/* Begin PBXResourcesBuildPhase section */
		7E964BAE19ED22A3009FC8C9 /* Resources */ = {
			isa = PBXResourcesBuildPhase;
			buildActionMask = 2147483647;
			files = (
				7E0FFF5E19F8ADB0007F322A /* rc.db in Resources */,
				7EEEEEAF19F8E29B0033255D /* loading-8.png in Resources */,
				7EEEEEAD19F8E29B0033255D /* loading-6.png in Resources */,
				7E13F84519EF6B6100F347DF /* p1.jpeg in Resources */,
				7EEEEEB119F8E29B0033255D /* loading-10.png in Resources */,
				7EEEEEAA19F8E29B0033255D /* loading-3.png in Resources */,
				7E964BC219ED22A3009FC8C9 /* Main.storyboard in Resources */,
				7EB780C319FF36DF00483420 /* landing2.png in Resources */,
				7E13F84819EF6B6100F347DF /* p3.png in Resources */,
				7EEEEEAE19F8E29B0033255D /* loading-7.png in Resources */,
				7EB780C419FF36DF00483420 /* RCLogo.png in Resources */,
				7E13F84319EF6B6100F347DF /* config.json in Resources */,
				7EEEEEAC19F8E29B0033255D /* loading-5.png in Resources */,
				7E13F84719EF6B6100F347DF /* p2.png in Resources */,
				7E13F84919EF6B6100F347DF /* p4.png in Resources */,
				7EEEEEAB19F8E29B0033255D /* loading-4.png in Resources */,
				7E964BC719ED22A3009FC8C9 /* LaunchScreen.xib in Resources */,
				7EB780C919FF38B600483420 /* landing1.png in Resources */,
				7EEEEEA819F8E29B0033255D /* loading-1.png in Resources */,
				7EEEEEB019F8E29B0033255D /* loading-9.png in Resources */,
				7E964BC419ED22A3009FC8C9 /* Images.xcassets in Resources */,
				7EEEEEA919F8E29B0033255D /* loading-2.png in Resources */,
				7E13F84619EF6B6100F347DF /* p1.png in Resources */,
				7EEEEEB219F8E29B0033255D /* loading-11.png in Resources */,
				7EEEEEB319F8E29B0033255D /* loading-12.png in Resources */,
			);
			runOnlyForDeploymentPostprocessing = 0;
		};
		7E964BCA19ED22A3009FC8C9 /* Resources */ = {
			isa = PBXResourcesBuildPhase;
			buildActionMask = 2147483647;
			files = (
			);
			runOnlyForDeploymentPostprocessing = 0;
		};
/* End PBXResourcesBuildPhase section */

/* Begin PBXSourcesBuildPhase section */
		7E964BAC19ED22A3009FC8C9 /* Sources */ = {
			isa = PBXSourcesBuildPhase;
			buildActionMask = 2147483647;
			files = (
				7E1BBC9419EE417200184499 /* Log.m in Sources */,
				7E1BBC7C19EE417200184499 /* Reachability.m in Sources */,
				7E1BBC7319EE417200184499 /* AFHTTPRequestOperation.m in Sources */,
				7E964BB919ED22A3009FC8C9 /* AppDelegate.m in Sources */,
				7EFCACA919FF9AE500284FD1 /* OrderListViewItem.m in Sources */,
				7E0FFF5B19F8A2DA007F322A /* CacheManager.m in Sources */,
				7E93569C1A036F1B00B03EAE /* CreateEmployeeViewController.m in Sources */,
				7E1BBC7D19EE417200184499 /* FMDatabase.m in Sources */,
				7E804F571A0215DA00591337 /* ProductsSettingViewController.m in Sources */,
				7EEEEEBE19F907760033255D /* RCLogApi.m in Sources */,
				7E1BBC7419EE417200184499 /* AFHTTPRequestOperationManager.m in Sources */,
				7E1BBC9319EE417200184499 /* Json.m in Sources */,
				7EFCACA619FF8E2800284FD1 /* ProductViewItem.m in Sources */,
				7E1BBC8219EE417200184499 /* LoggerClient.m in Sources */,
				7EB780A019FE1BD700483420 /* PhotoAlbumListViewController.m in Sources */,
				7EEEEEB619F8F0510033255D /* ApiTask.m in Sources */,
				7E1BBC7619EE417200184499 /* AFNetworkReachabilityManager.m in Sources */,
				7EEEEE7019F8DA640033255D /* UiTool.m in Sources */,
				7E0FFF5319F896D0007F322A /* TaskManager.m in Sources */,
				7E1BBC8F19EE417200184499 /* RCConfig.m in Sources */,
				7E0FFF5219F896D0007F322A /* HttpTaskManager.m in Sources */,
				7EFCACA319FF4F2C00284FD1 /* AMLoginViewController.m in Sources */,
				7E804F581A0215DA00591337 /* StoreSettingViewController.m in Sources */,
				7E1BBC9119EE417200184499 /* FileManage.m in Sources */,
				7ECA89CA19F74D3C007418BF /* DataService.m in Sources */,
				7E629FB719F9EB68007DE6DC /* WContext.m in Sources */,
				7ECA89CE19F77CED007418BF /* ImageLoder.m in Sources */,
				7E1BBC8119EE417200184499 /* FMResultSet.m in Sources */,
				7E804F5F1A021A5B00591337 /* MainMenuView.m in Sources */,
				7E0FFF5719F89BE5007F322A /* RCApi.m in Sources */,
				7EB780A619FF1ADF00483420 /* CameraViewController.m in Sources */,
				7E1BBC7A19EE417200184499 /* AFURLResponseSerialization.m in Sources */,
				7EB780CC19FF3EA800483420 /* RegisterViewController.m in Sources */,
				7E1BBC9819EE419500184499 /* GlobalContext.m in Sources */,
				7E1BBC7819EE417200184499 /* AFURLConnectionOperation.m in Sources */,
				7E804F621A02342300591337 /* SettingMenuView.m in Sources */,
				7E1BBC7719EE417200184499 /* AFSecurityPolicy.m in Sources */,
				7E804F561A0215DA00591337 /* EmployeeSettingViewController.m in Sources */,
				7E1BBC7519EE417200184499 /* AFHTTPSessionManager.m in Sources */,
				7E1BBC7919EE417200184499 /* AFURLRequestSerialization.m in Sources */,
				7EA8FD291A00FA160081C585 /* RCOrderApi.m in Sources */,
				7EFCACA019FF4ECB00284FD1 /* ProductsIndexViewController.m in Sources */,
				7E804F5C1A02160A00591337 /* CachierSettingViewController.m in Sources */,
				7E804F541A0215DA00591337 /* CategoriesSettingViewController.m in Sources */,
				7E1BBC7B19EE417200184499 /* AFURLSessionManager.m in Sources */,
				7EB780C719FF372000483420 /* LandingIndexViewController.m in Sources */,
				7E1BBC8E19EE417200184499 /* testController.m in Sources */,
				7E964BB619ED22A3009FC8C9 /* main.m in Sources */,
				7E1BBC7F19EE417200184499 /* FMDatabasePool.m in Sources */,
				7E0FFF6219F8CB7E007F322A /* NetworkTool.m in Sources */,
				7E1BBC8019EE417200184499 /* FMDatabaseQueue.m in Sources */,
				7EFCAC9D19FF4D2500284FD1 /* AMAdditionViewController.m in Sources */,
				7E1BBC9019EE417200184499 /* Db.m in Sources */,
				7E1BBC9219EE417200184499 /* Image.m in Sources */,
				7E964BBC19ED22A3009FC8C9 /* RCApp_IOS.xcdatamodeld in Sources */,
				7E804F551A0215DA00591337 /* CustomersSettingViewController.m in Sources */,
				7E1BBC7E19EE417200184499 /* FMDatabaseAdditions.m in Sources */,
				7E9356991A03646400B03EAE /* CreateCustomersViewController.m in Sources */,
			);
			runOnlyForDeploymentPostprocessing = 0;
		};
		7E964BC819ED22A3009FC8C9 /* Sources */ = {
			isa = PBXSourcesBuildPhase;
			buildActionMask = 2147483647;
			files = (
				7E964BD319ED22A3009FC8C9 /* RCApp_IOSTests.m in Sources */,
			);
			runOnlyForDeploymentPostprocessing = 0;
		};
/* End PBXSourcesBuildPhase section */

/* Begin PBXTargetDependency section */
		7E964BCE19ED22A3009FC8C9 /* PBXTargetDependency */ = {
			isa = PBXTargetDependency;
			target = 7E964BAF19ED22A3009FC8C9 /* RCApp_IOS */;
			targetProxy = 7E964BCD19ED22A3009FC8C9 /* PBXContainerItemProxy */;
		};
/* End PBXTargetDependency section */

/* Begin PBXVariantGroup section */
		7E964BC019ED22A3009FC8C9 /* Main.storyboard */ = {
			isa = PBXVariantGroup;
			children = (
				7E964BC119ED22A3009FC8C9 /* Base */,
			);
			name = Main.storyboard;
			sourceTree = "<group>";
		};
		7E964BC519ED22A3009FC8C9 /* LaunchScreen.xib */ = {
			isa = PBXVariantGroup;
			children = (
				7E964BC619ED22A3009FC8C9 /* Base */,
			);
			name = LaunchScreen.xib;
			sourceTree = "<group>";
		};
/* End PBXVariantGroup section */

/* Begin XCBuildConfiguration section */
		7E964BD419ED22A3009FC8C9 /* Debug */ = {
			isa = XCBuildConfiguration;
			buildSettings = {
				ALWAYS_SEARCH_USER_PATHS = NO;
				CLANG_CXX_LANGUAGE_STANDARD = "gnu++0x";
				CLANG_CXX_LIBRARY = "libc++";
				CLANG_ENABLE_MODULES = YES;
				CLANG_ENABLE_OBJC_ARC = YES;
				CLANG_WARN_BOOL_CONVERSION = YES;
				CLANG_WARN_CONSTANT_CONVERSION = YES;
				CLANG_WARN_DIRECT_OBJC_ISA_USAGE = YES_ERROR;
				CLANG_WARN_EMPTY_BODY = YES;
				CLANG_WARN_ENUM_CONVERSION = YES;
				CLANG_WARN_INT_CONVERSION = YES;
				CLANG_WARN_OBJC_ROOT_CLASS = YES_ERROR;
				CLANG_WARN_UNREACHABLE_CODE = YES;
				CLANG_WARN__DUPLICATE_METHOD_MATCH = YES;
				"CODE_SIGN_IDENTITY[sdk=iphoneos*]" = "iPhone Developer";
				COPY_PHASE_STRIP = NO;
				ENABLE_STRICT_OBJC_MSGSEND = YES;
				GCC_C_LANGUAGE_STANDARD = gnu99;
				GCC_DYNAMIC_NO_PIC = NO;
				GCC_OPTIMIZATION_LEVEL = 0;
				GCC_PREPROCESSOR_DEFINITIONS = (
					"DEBUG=1",
					"$(inherited)",
				);
				GCC_SYMBOLS_PRIVATE_EXTERN = NO;
				GCC_WARN_64_TO_32_BIT_CONVERSION = YES;
				GCC_WARN_ABOUT_RETURN_TYPE = YES_ERROR;
				GCC_WARN_UNDECLARED_SELECTOR = YES;
				GCC_WARN_UNINITIALIZED_AUTOS = YES_AGGRESSIVE;
				GCC_WARN_UNUSED_FUNCTION = YES;
				GCC_WARN_UNUSED_VARIABLE = YES;
				IPHONEOS_DEPLOYMENT_TARGET = 8.0;
				MTL_ENABLE_DEBUG_INFO = YES;
				ONLY_ACTIVE_ARCH = YES;
				SDKROOT = iphoneos;
				TARGETED_DEVICE_FAMILY = "1,2";
			};
			name = Debug;
		};
		7E964BD519ED22A3009FC8C9 /* Release */ = {
			isa = XCBuildConfiguration;
			buildSettings = {
				ALWAYS_SEARCH_USER_PATHS = NO;
				CLANG_CXX_LANGUAGE_STANDARD = "gnu++0x";
				CLANG_CXX_LIBRARY = "libc++";
				CLANG_ENABLE_MODULES = YES;
				CLANG_ENABLE_OBJC_ARC = YES;
				CLANG_WARN_BOOL_CONVERSION = YES;
				CLANG_WARN_CONSTANT_CONVERSION = YES;
				CLANG_WARN_DIRECT_OBJC_ISA_USAGE = YES_ERROR;
				CLANG_WARN_EMPTY_BODY = YES;
				CLANG_WARN_ENUM_CONVERSION = YES;
				CLANG_WARN_INT_CONVERSION = YES;
				CLANG_WARN_OBJC_ROOT_CLASS = YES_ERROR;
				CLANG_WARN_UNREACHABLE_CODE = YES;
				CLANG_WARN__DUPLICATE_METHOD_MATCH = YES;
				"CODE_SIGN_IDENTITY[sdk=iphoneos*]" = "iPhone Developer";
				COPY_PHASE_STRIP = YES;
				ENABLE_NS_ASSERTIONS = NO;
				ENABLE_STRICT_OBJC_MSGSEND = YES;
				GCC_C_LANGUAGE_STANDARD = gnu99;
				GCC_WARN_64_TO_32_BIT_CONVERSION = YES;
				GCC_WARN_ABOUT_RETURN_TYPE = YES_ERROR;
				GCC_WARN_UNDECLARED_SELECTOR = YES;
				GCC_WARN_UNINITIALIZED_AUTOS = YES_AGGRESSIVE;
				GCC_WARN_UNUSED_FUNCTION = YES;
				GCC_WARN_UNUSED_VARIABLE = YES;
				IPHONEOS_DEPLOYMENT_TARGET = 8.0;
				MTL_ENABLE_DEBUG_INFO = NO;
				SDKROOT = iphoneos;
				TARGETED_DEVICE_FAMILY = "1,2";
				VALIDATE_PRODUCT = YES;
			};
			name = Release;
		};
		7E964BD719ED22A3009FC8C9 /* Debug */ = {
			isa = XCBuildConfiguration;
			buildSettings = {
				ASSETCATALOG_COMPILER_APPICON_NAME = AppIcon;
				FRAMEWORK_SEARCH_PATHS = (
					"$(inherited)",
					"$(PROJECT_DIR)",
					"$(PROJECT_DIR)/lib/PLCrashReporter",
				);
				INFOPLIST_FILE = RCApp_IOS/Info.plist;
				LD_RUNPATH_SEARCH_PATHS = "$(inherited) @executable_path/Frameworks";
				PRODUCT_NAME = "$(TARGET_NAME)";
				TARGETED_DEVICE_FAMILY = "1,2";
			};
			name = Debug;
		};
		7E964BD819ED22A3009FC8C9 /* Release */ = {
			isa = XCBuildConfiguration;
			buildSettings = {
				ASSETCATALOG_COMPILER_APPICON_NAME = AppIcon;
				FRAMEWORK_SEARCH_PATHS = (
					"$(inherited)",
					"$(PROJECT_DIR)",
					"$(PROJECT_DIR)/lib/PLCrashReporter",
				);
				INFOPLIST_FILE = RCApp_IOS/Info.plist;
				LD_RUNPATH_SEARCH_PATHS = "$(inherited) @executable_path/Frameworks";
				PRODUCT_NAME = "$(TARGET_NAME)";
				TARGETED_DEVICE_FAMILY = "1,2";
			};
			name = Release;
		};
		7E964BDA19ED22A3009FC8C9 /* Debug */ = {
			isa = XCBuildConfiguration;
			buildSettings = {
				BUNDLE_LOADER = "$(TEST_HOST)";
				FRAMEWORK_SEARCH_PATHS = (
					"$(SDKROOT)/Developer/Library/Frameworks",
					"$(inherited)",
				);
				GCC_PREPROCESSOR_DEFINITIONS = (
					"DEBUG=1",
					"$(inherited)",
				);
				INFOPLIST_FILE = RCApp_IOSTests/Info.plist;
				LD_RUNPATH_SEARCH_PATHS = "$(inherited) @executable_path/Frameworks @loader_path/Frameworks";
				PRODUCT_NAME = "$(TARGET_NAME)";
				TEST_HOST = "$(BUILT_PRODUCTS_DIR)/RCApp_IOS.app/RCApp_IOS";
			};
			name = Debug;
		};
		7E964BDB19ED22A3009FC8C9 /* Release */ = {
			isa = XCBuildConfiguration;
			buildSettings = {
				BUNDLE_LOADER = "$(TEST_HOST)";
				FRAMEWORK_SEARCH_PATHS = (
					"$(SDKROOT)/Developer/Library/Frameworks",
					"$(inherited)",
				);
				INFOPLIST_FILE = RCApp_IOSTests/Info.plist;
				LD_RUNPATH_SEARCH_PATHS = "$(inherited) @executable_path/Frameworks @loader_path/Frameworks";
				PRODUCT_NAME = "$(TARGET_NAME)";
				TEST_HOST = "$(BUILT_PRODUCTS_DIR)/RCApp_IOS.app/RCApp_IOS";
			};
			name = Release;
		};
/* End XCBuildConfiguration section */

/* Begin XCConfigurationList section */
		7E964BAB19ED22A3009FC8C9 /* Build configuration list for PBXProject "RCApp_IOS" */ = {
			isa = XCConfigurationList;
			buildConfigurations = (
				7E964BD419ED22A3009FC8C9 /* Debug */,
				7E964BD519ED22A3009FC8C9 /* Release */,
			);
			defaultConfigurationIsVisible = 0;
			defaultConfigurationName = Release;
		};
		7E964BD619ED22A3009FC8C9 /* Build configuration list for PBXNativeTarget "RCApp_IOS" */ = {
			isa = XCConfigurationList;
			buildConfigurations = (
				7E964BD719ED22A3009FC8C9 /* Debug */,
				7E964BD819ED22A3009FC8C9 /* Release */,
			);
			defaultConfigurationIsVisible = 0;
			defaultConfigurationName = Release;
		};
		7E964BD919ED22A3009FC8C9 /* Build configuration list for PBXNativeTarget "RCApp_IOSTests" */ = {
			isa = XCConfigurationList;
			buildConfigurations = (
				7E964BDA19ED22A3009FC8C9 /* Debug */,
				7E964BDB19ED22A3009FC8C9 /* Release */,
			);
			defaultConfigurationIsVisible = 0;
			defaultConfigurationName = Release;
		};
/* End XCConfigurationList section */

/* Begin XCVersionGroup section */
		7E964BBA19ED22A3009FC8C9 /* RCApp_IOS.xcdatamodeld */ = {
			isa = XCVersionGroup;
			children = (
				7E964BBB19ED22A3009FC8C9 /* RCApp_IOS.xcdatamodel */,
			);
			currentVersion = 7E964BBB19ED22A3009FC8C9 /* RCApp_IOS.xcdatamodel */;
			path = RCApp_IOS.xcdatamodeld;
			sourceTree = "<group>";
			versionGroupType = wrapper.xcdatamodel;
		};
/* End XCVersionGroup section */
	};
	rootObject = 7E964BA819ED22A3009FC8C9 /* Project object */;
}
